hash: 1ccf32c565eaef96fb87e861d4c52316e6a670ebe73f698c6574cb6b8da0d272
updated: 2017-06-22T16:01:02.497536005+02:00
imports:
- name: github.com/abbot/go-http-auth
  version: efc9484eee77263a11f158ef4f30fcc30298a942
- name: github.com/araddon/gou
  version: 9a11413ad5023f3b138f313727f35468591ff73b
- name: github.com/artyom/fb303
  version: fa4a241cefb113c4981dbac51a8cfcb047efa079
- name: github.com/artyom/scribe
  version: 35c1da66e76d138c09c552b492bb341f8504ff40
- name: github.com/artyom/thrift
  version: 388840a05deb9b7d85fdf6c225a2729fe1826cb7
- name: github.com/aws/aws-sdk-go
  version: 06d3a0c37ae95ae040548a13952501261cb5fd2b
  subpackages:
  - aws
  - aws/awserr
  - aws/awsutil
  - aws/client
  - aws/client/metadata
  - aws/corehandlers
  - aws/credentials
  - aws/credentials/ec2rolecreds
  - aws/credentials/endpointcreds
  - aws/credentials/stscreds
  - aws/defaults
  - aws/ec2metadata
  - aws/endpoints
  - aws/request
  - aws/session
  - aws/signer/v4
  - private/protocol
  - private/protocol/json/jsonutil
  - private/protocol/jsonrpc
  - private/protocol/query
  - private/protocol/query/queryutil
  - private/protocol/rest
  - private/protocol/restxml
  - private/protocol/xml/xmlutil
  - service/firehose
  - service/kinesis
  - service/s3
  - service/sts
- name: github.com/bitly/go-hostpool
  version: c32c3660406ef1ea14936cc9282e174fe8508c42
- name: github.com/bsm/sarama-cluster
  version: e92a2f7a82a6f2bbdd2f7305b8a833fa22eb2138
- name: github.com/coreos/go-systemd
  version: 48702e0da86bd25e76cfef347e2adeb434a0d0a6
  subpackages:
  - sdjournal
- name: github.com/coreos/pkg
  version: 8dbaa491b063ed47e2474b5363de0c0db91cf9f2
  subpackages:
  - dlopen
- name: github.com/davecgh/go-spew
  version: 346938d642f2ec3594ed81d874461961cd0faa76
  subpackages:
  - spew
- name: github.com/eapache/go-resiliency
  version: b1fe83b5b03f624450823b751b662259ffc6af70
  subpackages:
  - breaker
- name: github.com/eapache/go-xerial-snappy
  version: bb955e01b9346ac19dc29eb16586c90ded99a98c
- name: github.com/eapache/queue
  version: 44cc805cf13205b55f69e14bcb69867d1ae92f98
- name: github.com/go-ini/ini
  version: d3de07a94d22b4a0972deb4b96d790c2c0ce8333
- name: github.com/go-redis/redis
  version: 2cf5af9928978bbef8d1076607022403439e177c
  subpackages:
  - internal
  - internal/consistenthash
  - internal/hashtag
  - internal/pool
  - internal/proto
- name: github.com/golang/protobuf
  version: 1fb8fd32a09087bcd727225167edd31e1b9ceb24
  subpackages:
  - proto
- name: github.com/golang/snappy
  version: 553a641470496b2327abcac10b36396bd98e45c9
- name: github.com/gorilla/websocket
  version: 3ab3a8b8831546bd18fd182c20687ca853b2bb13
- name: github.com/jmespath/go-jmespath
  version: bd40a432e4c76585ef6b72d3fd96fb9b6dc7b68d
- name: github.com/klauspost/crc32
  version: 1bab8b35b6bb565f92cbc97939610af9369f942a
- name: github.com/lytics/logrus
  version: 4389a17ed024d8d196b5541116151f378705b0cc
- name: github.com/mattbaird/elastigo
  version: 2fe47fd29e4b70353f852ede77a196830d2924ec
  subpackages:
  - lib
- name: github.com/miekg/pcap
  version: 51d9d986bf8d5f524d65bf31c353e10271d54aaa
- name: github.com/mmcloughlin/geohash
  version: 525f3a7fc47c279c04049e07697970039310755d
- name: github.com/mssola/user_agent
  version: 07efe2b857fb8c02d2dd85c12d0145f58554ec7c
- name: github.com/oschwald/maxminddb-golang
  version: d19f6d453e836d12ee8fe895d0494421e93ef8c1
- name: github.com/pierrec/lz4
  version: 5a3d2245f97fc249850e7802e3c01fad02a1c316
- name: github.com/pierrec/xxHash
  version: 5a004441f897722c627870a981d02b29924215fa
  subpackages:
  - xxHash32
- name: github.com/quipo/statsd
  version: 39c3fe59a6c334d5aefddf41f3c16595301c80e1
  subpackages:
  - event
- name: github.com/rcrowley/go-metrics
  version: 1f30fe9094a513ce4c700b9a54458bbb0c96996c
- name: github.com/Shopify/sarama
  version: 0fb560e5f7fbcaee2f75e3c34174320709f69944
- name: github.com/sirupsen/logrus
  version: 202f25545ea4cf9b191ff7f846df5d87c9382c2b
- name: github.com/trivago/tgo
  version: c787d684e0a8d84d70a3199b01262c80b8afaf3a
  subpackages:
  - tcontainer
  - terrors
  - tflag
  - tfmt
  - thealthcheck
  - tio
  - tlog
  - tmath
  - tnet
  - treflect
  - tstrings
  - tsync
  - ttesting
- name: golang.org/x/crypto
  version: adbae1b6b6fb4b02448a0fc0dbbc9ba2b95b294d
  subpackages:
  - bcrypt
  - blowfish
- name: golang.org/x/sys
  version: fb4cac33e3196ff7f507ab9b2d2a44b0142f5b5a
  subpackages:
  - unix
  - windows
- name: gopkg.in/mcuadros/go-syslog.v2
  version: 9cf13b7327c0e153da3cba3540c2ae2b879c3859
  subpackages:
  - format
  - internal/syslogparser
  - internal/syslogparser/rfc3164
  - internal/syslogparser/rfc5424
- name: gopkg.in/oschwald/geoip2-golang.v1
  version: 496a3cbcb65a3cb54497fe4ae2273319e85160a4
- name: gopkg.in/yaml.v2
  version: cd8b52f8269e0feb286dfeef29f8fe4d5b397e0b
testImports: []
