hash: 04c8ac3c1690b7cad71805a65e6436066d1c44f1c33af7ba4382b3c21d3a2e34
updated: 2017-03-27T17:40:05.920453609+02:00
imports:
- name: github.com/abbot/go-http-auth
  version: efc9484eee77263a11f158ef4f30fcc30298a942
- name: github.com/araddon/gou
  version: 0ab1e8f997e35d27da012072dc531fcc0204da5a
- name: github.com/artyom/fb303
  version: fa4a241cefb113c4981dbac51a8cfcb047efa079
- name: github.com/artyom/scribe
  version: 35c1da66e76d138c09c552b492bb341f8504ff40
- name: github.com/artyom/thrift
  version: 388840a05deb9b7d85fdf6c225a2729fe1826cb7
- name: github.com/aws/aws-sdk-go
  version: d122c9c0e1d875585918c85cf6eba7e5e43f221d
  subpackages:
  - aws
  - aws/awserr
  - aws/awsutil
  - aws/client
  - aws/client/metadata
  - aws/corehandlers
  - aws/credentials
  - aws/credentials/ec2rolecreds
  - aws/credentials/endpointcreds
  - aws/credentials/stscreds
  - aws/defaults
  - aws/ec2metadata
  - aws/endpoints
  - aws/request
  - aws/session
  - aws/signer/v4
  - private/protocol
  - private/protocol/json/jsonutil
  - private/protocol/jsonrpc
  - private/protocol/query
  - private/protocol/query/queryutil
  - private/protocol/rest
  - private/protocol/restxml
  - private/protocol/xml/xmlutil
  - service/firehose
  - service/kinesis
  - service/s3
  - service/sts
- name: github.com/bitly/go-hostpool
  version: c32c3660406ef1ea14936cc9282e174fe8508c42
- name: github.com/bsm/sarama-cluster
  version: e92a2f7a82a6f2bbdd2f7305b8a833fa22eb2138
- name: github.com/coreos/go-systemd
  version: 48702e0da86bd25e76cfef347e2adeb434a0d0a6
  subpackages:
  - sdjournal
- name: github.com/coreos/pkg
  version: 1c941d73110817a80b9fa6e14d5d2b00d977ce2a
  subpackages:
  - dlopen
- name: github.com/davecgh/go-spew
  version: 346938d642f2ec3594ed81d874461961cd0faa76
  subpackages:
  - spew
- name: github.com/eapache/go-resiliency
  version: b86b1ec0dd4209a588dc1285cdd471e73525c0b3
  subpackages:
  - breaker
- name: github.com/eapache/go-xerial-snappy
  version: bb955e01b9346ac19dc29eb16586c90ded99a98c
- name: github.com/eapache/queue
  version: 44cc805cf13205b55f69e14bcb69867d1ae92f98
- name: github.com/go-ini/ini
  version: 1730955e3146956d6a087861380f9b4667ed5071
- name: github.com/go-redis/redis
  version: 18dcec21440a5c6e96da08fcdce732bb9436c190
  subpackages:
  - internal
  - internal/consistenthash
  - internal/hashtag
  - internal/pool
  - internal/proto
- name: github.com/golang/protobuf
  version: c9c7427a2a70d2eb3bafa0ab2dc163e45f143317
  subpackages:
  - proto
- name: github.com/golang/snappy
  version: 553a641470496b2327abcac10b36396bd98e45c9
- name: github.com/gorilla/websocket
  version: 3ab3a8b8831546bd18fd182c20687ca853b2bb13
- name: github.com/jmespath/go-jmespath
  version: bd40a432e4c76585ef6b72d3fd96fb9b6dc7b68d
- name: github.com/klauspost/crc32
  version: 1bab8b35b6bb565f92cbc97939610af9369f942a
- name: github.com/lytics/logrus
  version: 59cd2e4a569b4494d9196bef82f0784e467adac9
- name: github.com/mattbaird/elastigo
  version: 2fe47fd29e4b70353f852ede77a196830d2924ec
  subpackages:
  - lib
- name: github.com/miekg/pcap
  version: 51d9d986bf8d5f524d65bf31c353e10271d54aaa
- name: github.com/mmcloughlin/geohash
  version: d6857f9059874953ee09d6f2bd3cb878189a4f87
- name: github.com/mssola/user_agent
  version: 07efe2b857fb8c02d2dd85c12d0145f58554ec7c
- name: github.com/oschwald/maxminddb-golang
  version: 697da8075d2061aa8ed639346443f5d3e8c80b30
- name: github.com/pierrec/lz4
  version: 90290f74b1b4d9c097f0a3b3c7eba2ef3875c699
- name: github.com/pierrec/xxHash
  version: 5a004441f897722c627870a981d02b29924215fa
  subpackages:
  - xxHash32
- name: github.com/quipo/statsd
  version: 39c3fe59a6c334d5aefddf41f3c16595301c80e1
  subpackages:
  - event
- name: github.com/rcrowley/go-metrics
  version: 1f30fe9094a513ce4c700b9a54458bbb0c96996c
- name: github.com/Shopify/sarama
  version: 0fb560e5f7fbcaee2f75e3c34174320709f69944
- name: github.com/trivago/tgo
  version: 065b6f2ca274f83a7d8ea05853b526ed4dd5e594
  subpackages:
  - tflag
- name: golang.org/x/crypto
  version: 459e26527287adbc2adcc5d0d49abff9a5f315a7
  subpackages:
  - bcrypt
  - blowfish
- name: golang.org/x/sys
  version: afadfcc7779c1f4db0f6f6438afcb108d9c9c7cd
  subpackages:
  - unix
  - windows
- name: gopkg.in/mcuadros/go-syslog.v2
  version: 9cf13b7327c0e153da3cba3540c2ae2b879c3859
  subpackages:
  - format
  - internal/syslogparser
  - internal/syslogparser/rfc3164
  - internal/syslogparser/rfc5424
- name: gopkg.in/oschwald/geoip2-golang.v1
  version: 496a3cbcb65a3cb54497fe4ae2273319e85160a4
- name: gopkg.in/yaml.v2
  version: a3f3340b5840cee44f372bddb5880fcbc419b46a
testImports: []
